<?xml version="1.0" encoding="utf-8"?>
<Project ToolsVersion="4.0" xmlns="http://schemas.microsoft.com/developer/msbuild/2003">
  <ItemGroup>
    <ClInclude Include="Player.h" />
    <ClInclude Include="ContentsGameCore.h" />
    <ClInclude Include="TitleLevel.h" />
    <ClInclude Include="InlaidLibraryLevel.h">
      <Filter>stage</Filter>
    </ClInclude>
    <ClInclude Include="MadForestLevel.h">
      <Filter>stage</Filter>
    </ClInclude>
    <ClInclude Include="OpenningLevel.h" />
    <ClInclude Include="PlayLevel.h" />
  </ItemGroup>
  <ItemGroup>
    <ClCompile Include="Player.cpp" />
    <ClCompile Include="ContentsGameCore.cpp" />
    <ClCompile Include="TitleLevel.cpp" />
    <ClCompile Include="InlaidLibraryLevel.cpp">
      <Filter>stage</Filter>
    </ClCompile>
    <ClCompile Include="MadForestLevel.cpp">
      <Filter>stage</Filter>
    </ClCompile>
    <ClCompile Include="OpenningLevel.cpp" />
    <ClCompile Include="PlayLevel.cpp" />
  </ItemGroup>
  <ItemGroup>
    <Filter Include="stage">
      <UniqueIdentifier>{5e27e026-62f8-47dc-8e2e-c82cd70f196a}</UniqueIdentifier>
    </Filter>
  </ItemGroup>
</Project>