<?xml version="1.0" encoding="utf-8"?>
<Project ToolsVersion="4.0" xmlns="http://schemas.microsoft.com/developer/msbuild/2003">
  <ItemGroup>
    <ClInclude Include="ContentsGameCore.h" />
    <ClInclude Include="MadForestLevel.h">
      <Filter>MadForestStage</Filter>
    </ClInclude>
    <ClInclude Include="TitleLevel.h">
      <Filter>Title</Filter>
    </ClInclude>
    <ClInclude Include="ContentsEnums.h" />
    <ClInclude Include="Player.h">
      <Filter>Player</Filter>
    </ClInclude>
    <ClInclude Include="PlayLevel.h">
      <Filter>Player</Filter>
    </ClInclude>
    <ClInclude Include="InlaidLibraryLevel.h">
      <Filter>InlaidLibraryStage</Filter>
    </ClInclude>
    <ClInclude Include="TitleMainBack.h">
      <Filter>Title</Filter>
    </ClInclude>
    <ClInclude Include="TitleSubBack.h">
      <Filter>Title</Filter>
    </ClInclude>
    <ClInclude Include="InlaidLibraryBack.h">
      <Filter>InlaidLibraryStage</Filter>
    </ClInclude>
    <ClInclude Include="Monster.h">
      <Filter>Monster</Filter>
    </ClInclude>
    <ClInclude Include="MouseObject.h">
      <Filter>Global</Filter>
    </ClInclude>
    <ClInclude Include="OpeningLevel.h">
      <Filter>Title</Filter>
    </ClInclude>
    <ClInclude Include="PlayGameUI.h">
      <Filter>PlayUI</Filter>
    </ClInclude>
    <ClInclude Include="SelectCharacter.h">
      <Filter>Title</Filter>
    </ClInclude>
    <ClInclude Include="Weapon.h">
      <Filter>Weapon</Filter>
    </ClInclude>
    <ClInclude Include="WeaponWhip.h">
      <Filter>Weapon</Filter>
    </ClInclude>
    <ClInclude Include="WeaponMagicWand.h">
      <Filter>Weapon</Filter>
    </ClInclude>
    <ClInclude Include="WeaponKnife.h">
      <Filter>Weapon</Filter>
    </ClInclude>
    <ClInclude Include="AdditionItemUI.h">
      <Filter>PlayUI</Filter>
    </ClInclude>
    <ClInclude Include="Items.h">
      <Filter>Item</Filter>
    </ClInclude>
    <ClInclude Include="WeaponRuneTracer.h">
      <Filter>Weapon</Filter>
    </ClInclude>
    <ClInclude Include="WeaponKingBible.h">
      <Filter>Weapon</Filter>
    </ClInclude>
    <ClInclude Include="WeaponFireWand.h">
      <Filter>Weapon</Filter>
    </ClInclude>
    <ClInclude Include="AdditionItemUIButtonFunction.h">
      <Filter>PlayUI</Filter>
    </ClInclude>
    <ClInclude Include="ObtainBox.h">
      <Filter>Item</Filter>
    </ClInclude>
  </ItemGroup>
  <ItemGroup>
    <ClCompile Include="ContentsGameCore.cpp" />
    <ClCompile Include="MadForestLevel.cpp">
      <Filter>MadForestStage</Filter>
    </ClCompile>
    <ClCompile Include="TitleLevel.cpp">
      <Filter>Title</Filter>
    </ClCompile>
    <ClCompile Include="Player.cpp">
      <Filter>Player</Filter>
    </ClCompile>
    <ClCompile Include="PlayLevel.cpp">
      <Filter>Player</Filter>
    </ClCompile>
    <ClCompile Include="PlayerState.cpp">
      <Filter>Player</Filter>
    </ClCompile>
    <ClCompile Include="InlaidLibraryLevel.cpp">
      <Filter>InlaidLibraryStage</Filter>
    </ClCompile>
    <ClCompile Include="TitleMainBack.cpp">
      <Filter>Title</Filter>
    </ClCompile>
    <ClCompile Include="TitleSubBack.cpp">
      <Filter>Title</Filter>
    </ClCompile>
    <ClCompile Include="InlaidLibraryBack.cpp">
      <Filter>InlaidLibraryStage</Filter>
    </ClCompile>
    <ClCompile Include="Monster.cpp">
      <Filter>Monster</Filter>
    </ClCompile>
    <ClCompile Include="MouseObject.cpp">
      <Filter>Global</Filter>
    </ClCompile>
    <ClCompile Include="OpeningLevel.cpp">
      <Filter>Title</Filter>
    </ClCompile>
    <ClCompile Include="PlayGameUI.cpp">
      <Filter>PlayUI</Filter>
    </ClCompile>
    <ClCompile Include="SelectCharacter.cpp">
      <Filter>Title</Filter>
    </ClCompile>
    <ClCompile Include="Weapon.cpp">
      <Filter>Weapon</Filter>
    </ClCompile>
    <ClCompile Include="WeaponWhip.cpp">
      <Filter>Weapon</Filter>
    </ClCompile>
    <ClCompile Include="PlayerStart.cpp">
      <Filter>Player</Filter>
    </ClCompile>
    <ClCompile Include="WeaponMagicWand.cpp">
      <Filter>Weapon</Filter>
    </ClCompile>
    <ClCompile Include="WeaponKnife.cpp">
      <Filter>Weapon</Filter>
    </ClCompile>
    <ClCompile Include="AdditionItemUI.cpp">
      <Filter>PlayUI</Filter>
    </ClCompile>
    <ClCompile Include="Items.cpp">
      <Filter>Item</Filter>
    </ClCompile>
    <ClCompile Include="InlaidLibraryLevelSetting.cpp">
      <Filter>InlaidLibraryStage</Filter>
    </ClCompile>
    <ClCompile Include="InlaidLibraryLevelImage.cpp">
      <Filter>InlaidLibraryStage</Filter>
    </ClCompile>
    <ClCompile Include="WeaponRuneTracer.cpp">
      <Filter>Weapon</Filter>
    </ClCompile>
    <ClCompile Include="WeaponKingBible.cpp">
      <Filter>Weapon</Filter>
    </ClCompile>
    <ClCompile Include="WeaponFireWand.cpp">
      <Filter>Weapon</Filter>
    </ClCompile>
    <ClCompile Include="AdditionItemUISetting.cpp">
      <Filter>PlayUI</Filter>
    </ClCompile>
    <ClCompile Include="PlayerItems.cpp">
      <Filter>Player</Filter>
    </ClCompile>
    <ClCompile Include="MonsterSetting.cpp">
      <Filter>Monster</Filter>
    </ClCompile>
    <ClCompile Include="ObtainBox.cpp">
      <Filter>Item</Filter>
    </ClCompile>
  </ItemGroup>
  <ItemGroup>
    <Filter Include="Title">
      <UniqueIdentifier>{a3062415-cc4a-4959-bcea-605145497030}</UniqueIdentifier>
    </Filter>
    <Filter Include="Player">
      <UniqueIdentifier>{2b7aa004-f172-4523-bf6d-8da47f71dbd8}</UniqueIdentifier>
    </Filter>
    <Filter Include="InlaidLibraryStage">
      <UniqueIdentifier>{df3cc6fb-daea-47ac-a268-26a1eb7f3654}</UniqueIdentifier>
    </Filter>
    <Filter Include="MadForestStage">
      <UniqueIdentifier>{5e27e026-62f8-47dc-8e2e-c82cd70f196a}</UniqueIdentifier>
    </Filter>
    <Filter Include="Monster">
      <UniqueIdentifier>{afafb31c-4e88-4817-85c1-a20ea1d74433}</UniqueIdentifier>
    </Filter>
    <Filter Include="Global">
      <UniqueIdentifier>{a774b052-f794-4771-929a-4996e51c95ff}</UniqueIdentifier>
    </Filter>
    <Filter Include="PlayUI">
      <UniqueIdentifier>{5ebc2754-3f55-4e5e-b6d2-f85172b5045d}</UniqueIdentifier>
    </Filter>
    <Filter Include="Weapon">
      <UniqueIdentifier>{5e4421ab-d604-4133-9065-33b086852af8}</UniqueIdentifier>
    </Filter>
    <Filter Include="Item">
      <UniqueIdentifier>{4c71df5a-3600-4499-812d-7f174d1ef253}</UniqueIdentifier>
    </Filter>
  </ItemGroup>
</Project>