
Microsoft Visual Studio Solution File, Format Version 12.00
# Visual Studio Version 17
VisualStudioVersion = 17.4.33205.214
MinimumVisualStudioVersion = 10.0.40219.1
Project("{8BC9CEB8-8B4A-11D0-8D11-00A0C91BC942}") = "APImain", "APImain\APImain.vcxproj", "{6F602EC0-8B86-42E3-9061-240800495A26}"
	ProjectSection(ProjectDependencies) = postProject
		{ECE23B38-3755-4371-9AB5-3D30026F1ED1} = {ECE23B38-3755-4371-9AB5-3D30026F1ED1}
	EndProjectSection
EndProject
Project("{8BC9CEB8-8B4A-11D0-8D11-00A0C91BC942}") = "GameEngineBase", "GameEngineBase\GameEngineBase.vcxproj", "{A6E9BFEE-96EC-4FC9-9219-12202F5126CC}"
EndProject
Project("{8BC9CEB8-8B4A-11D0-8D11-00A0C91BC942}") = "GameEngineContents", "GameEngineContents\GameEngineContents.vcxproj", "{DD304768-7EA1-403D-895D-A7A6DCC97275}"
	ProjectSection(ProjectDependencies) = postProject
		{ECE23B38-3755-4371-9AB5-3D30026F1ED1} = {ECE23B38-3755-4371-9AB5-3D30026F1ED1}
	EndProjectSection
EndProject
Project("{8BC9CEB8-8B4A-11D0-8D11-00A0C91BC942}") = "GameEnginePlatform", "GameEnginePlatform\GameEnginePlatform.vcxproj", "{012509BD-0610-46F2-BCEF-076C0828D24F}"
EndProject
Project("{2150E333-8FDC-42A3-9474-1A3956D46DE8}") = "Level0", "Level0", "{449ED46A-1372-43DB-B60D-922886364FCC}"
EndProject
Project("{2150E333-8FDC-42A3-9474-1A3956D46DE8}") = "Level1", "Level1", "{785DCA9F-6537-4885-8C4F-0ACC75A445E9}"
EndProject
Project("{2150E333-8FDC-42A3-9474-1A3956D46DE8}") = "Level2", "Level2", "{2D7AEFB4-E97E-4EA7-B1B7-D8703B047C35}"
EndProject
Project("{2150E333-8FDC-42A3-9474-1A3956D46DE8}") = "Level3", "Level3", "{92C6BEC0-24D5-4C3C-AA7B-C5023E75A4E8}"
EndProject
Project("{2150E333-8FDC-42A3-9474-1A3956D46DE8}") = "Level4", "Level4", "{9B0673F2-DB40-42E1-8C09-98B2CFE05F12}"
EndProject
Project("{8BC9CEB8-8B4A-11D0-8D11-00A0C91BC942}") = "GameEngineCore", "GameEngineCore\GameEngineCore.vcxproj", "{ECE23B38-3755-4371-9AB5-3D30026F1ED1}"
	ProjectSection(ProjectDependencies) = postProject
		{012509BD-0610-46F2-BCEF-076C0828D24F} = {012509BD-0610-46F2-BCEF-076C0828D24F}
		{A6E9BFEE-96EC-4FC9-9219-12202F5126CC} = {A6E9BFEE-96EC-4FC9-9219-12202F5126CC}
	EndProjectSection
EndProject
Project("{2150E333-8FDC-42A3-9474-1A3956D46DE8}") = "솔루션 항목", "솔루션 항목", "{A9DE6308-3F7C-417F-AE3C-62EF58DE6161}"
	ProjectSection(SolutionItems) = preProject
		TextFile1.txt = TextFile1.txt
	EndProjectSection
EndProject
Global
	GlobalSection(SolutionConfigurationPlatforms) = preSolution
		Debug|x64 = Debug|x64
		Debug|x86 = Debug|x86
		Release|x64 = Release|x64
		Release|x86 = Release|x86
	EndGlobalSection
	GlobalSection(ProjectConfigurationPlatforms) = postSolution
		{6F602EC0-8B86-42E3-9061-240800495A26}.Debug|x64.ActiveCfg = Debug|x64
		{6F602EC0-8B86-42E3-9061-240800495A26}.Debug|x64.Build.0 = Debug|x64
		{6F602EC0-8B86-42E3-9061-240800495A26}.Debug|x86.ActiveCfg = Debug|Win32
		{6F602EC0-8B86-42E3-9061-240800495A26}.Debug|x86.Build.0 = Debug|Win32
		{6F602EC0-8B86-42E3-9061-240800495A26}.Release|x64.ActiveCfg = Release|x64
		{6F602EC0-8B86-42E3-9061-240800495A26}.Release|x64.Build.0 = Release|x64
		{6F602EC0-8B86-42E3-9061-240800495A26}.Release|x86.ActiveCfg = Release|Win32
		{6F602EC0-8B86-42E3-9061-240800495A26}.Release|x86.Build.0 = Release|Win32
		{A6E9BFEE-96EC-4FC9-9219-12202F5126CC}.Debug|x64.ActiveCfg = Debug|x64
		{A6E9BFEE-96EC-4FC9-9219-12202F5126CC}.Debug|x64.Build.0 = Debug|x64
		{A6E9BFEE-96EC-4FC9-9219-12202F5126CC}.Debug|x86.ActiveCfg = Debug|Win32
		{A6E9BFEE-96EC-4FC9-9219-12202F5126CC}.Debug|x86.Build.0 = Debug|Win32
		{A6E9BFEE-96EC-4FC9-9219-12202F5126CC}.Release|x64.ActiveCfg = Release|x64
		{A6E9BFEE-96EC-4FC9-9219-12202F5126CC}.Release|x64.Build.0 = Release|x64
		{A6E9BFEE-96EC-4FC9-9219-12202F5126CC}.Release|x86.ActiveCfg = Release|Win32
		{A6E9BFEE-96EC-4FC9-9219-12202F5126CC}.Release|x86.Build.0 = Release|Win32
		{DD304768-7EA1-403D-895D-A7A6DCC97275}.Debug|x64.ActiveCfg = Debug|x64
		{DD304768-7EA1-403D-895D-A7A6DCC97275}.Debug|x64.Build.0 = Debug|x64
		{DD304768-7EA1-403D-895D-A7A6DCC97275}.Debug|x86.ActiveCfg = Debug|Win32
		{DD304768-7EA1-403D-895D-A7A6DCC97275}.Debug|x86.Build.0 = Debug|Win32
		{DD304768-7EA1-403D-895D-A7A6DCC97275}.Release|x64.ActiveCfg = Release|x64
		{DD304768-7EA1-403D-895D-A7A6DCC97275}.Release|x64.Build.0 = Release|x64
		{DD304768-7EA1-403D-895D-A7A6DCC97275}.Release|x86.ActiveCfg = Release|Win32
		{DD304768-7EA1-403D-895D-A7A6DCC97275}.Release|x86.Build.0 = Release|Win32
		{012509BD-0610-46F2-BCEF-076C0828D24F}.Debug|x64.ActiveCfg = Debug|x64
		{012509BD-0610-46F2-BCEF-076C0828D24F}.Debug|x64.Build.0 = Debug|x64
		{012509BD-0610-46F2-BCEF-076C0828D24F}.Debug|x86.ActiveCfg = Debug|Win32
		{012509BD-0610-46F2-BCEF-076C0828D24F}.Debug|x86.Build.0 = Debug|Win32
		{012509BD-0610-46F2-BCEF-076C0828D24F}.Release|x64.ActiveCfg = Release|x64
		{012509BD-0610-46F2-BCEF-076C0828D24F}.Release|x64.Build.0 = Release|x64
		{012509BD-0610-46F2-BCEF-076C0828D24F}.Release|x86.ActiveCfg = Release|Win32
		{012509BD-0610-46F2-BCEF-076C0828D24F}.Release|x86.Build.0 = Release|Win32
		{ECE23B38-3755-4371-9AB5-3D30026F1ED1}.Debug|x64.ActiveCfg = Debug|x64
		{ECE23B38-3755-4371-9AB5-3D30026F1ED1}.Debug|x64.Build.0 = Debug|x64
		{ECE23B38-3755-4371-9AB5-3D30026F1ED1}.Debug|x86.ActiveCfg = Debug|Win32
		{ECE23B38-3755-4371-9AB5-3D30026F1ED1}.Debug|x86.Build.0 = Debug|Win32
		{ECE23B38-3755-4371-9AB5-3D30026F1ED1}.Release|x64.ActiveCfg = Release|x64
		{ECE23B38-3755-4371-9AB5-3D30026F1ED1}.Release|x64.Build.0 = Release|x64
		{ECE23B38-3755-4371-9AB5-3D30026F1ED1}.Release|x86.ActiveCfg = Release|Win32
		{ECE23B38-3755-4371-9AB5-3D30026F1ED1}.Release|x86.Build.0 = Release|Win32
	EndGlobalSection
	GlobalSection(SolutionProperties) = preSolution
		HideSolutionNode = FALSE
	EndGlobalSection
	GlobalSection(NestedProjects) = preSolution
		{6F602EC0-8B86-42E3-9061-240800495A26} = {9B0673F2-DB40-42E1-8C09-98B2CFE05F12}
		{A6E9BFEE-96EC-4FC9-9219-12202F5126CC} = {449ED46A-1372-43DB-B60D-922886364FCC}
		{DD304768-7EA1-403D-895D-A7A6DCC97275} = {92C6BEC0-24D5-4C3C-AA7B-C5023E75A4E8}
		{012509BD-0610-46F2-BCEF-076C0828D24F} = {785DCA9F-6537-4885-8C4F-0ACC75A445E9}
		{ECE23B38-3755-4371-9AB5-3D30026F1ED1} = {2D7AEFB4-E97E-4EA7-B1B7-D8703B047C35}
	EndGlobalSection
	GlobalSection(ExtensibilityGlobals) = postSolution
		SolutionGuid = {BE3723F4-89C1-4F4C-B9F1-572536930D22}
	EndGlobalSection
EndGlobal
